
Microsoft Visual Studio Solution File, Format Version 12.00
# Visual Studio Version 17
VisualStudioVersion = 17.14.36811.4
MinimumVisualStudioVersion = 10.0.40219.1
Project("{FAE04EC0-301F-11D3-BF4B-00C04F79EFBC}") = "Test", "Test\Test.csproj", "{946C8BB1-308C-4300-8B15-0590483140F3}"
EndProject
Project("{FAE04EC0-301F-11D3-BF4B-00C04F79EFBC}") = "Test.DAL", "Test.DAL\Test.DAL.csproj", "{63E90DE5-18A6-4555-9DDE-A93631207EBF}"
EndProject
Global
	GlobalSection(SolutionConfigurationPlatforms) = preSolution
		Debug|Any CPU = Debug|Any CPU
		Release|Any CPU = Release|Any CPU
	EndGlobalSection
	GlobalSection(ProjectConfigurationPlatforms) = postSolution
		{946C8BB1-308C-4300-8B15-0590483140F3}.Debug|Any CPU.ActiveCfg = Debug|Any CPU
		{946C8BB1-308C-4300-8B15-0590483140F3}.Debug|Any CPU.Build.0 = Debug|Any CPU
		{946C8BB1-308C-4300-8B15-0590483140F3}.Release|Any CPU.ActiveCfg = Release|Any CPU
		{946C8BB1-308C-4300-8B15-0590483140F3}.Release|Any CPU.Build.0 = Release|Any CPU
		{63E90DE5-18A6-4555-9DDE-A93631207EBF}.Debug|Any CPU.ActiveCfg = Debug|Any CPU
		{63E90DE5-18A6-4555-9DDE-A93631207EBF}.Debug|Any CPU.Build.0 = Debug|Any CPU
		{63E90DE5-18A6-4555-9DDE-A93631207EBF}.Release|Any CPU.ActiveCfg = Release|Any CPU
		{63E90DE5-18A6-4555-9DDE-A93631207EBF}.Release|Any CPU.Build.0 = Release|Any CPU
	EndGlobalSection
	GlobalSection(SolutionProperties) = preSolution
		HideSolutionNode = FALSE
	EndGlobalSection
	GlobalSection(ExtensibilityGlobals) = postSolution
		SolutionGuid = {22020145-3842-45BB-9909-FE676B26ACB5}
	EndGlobalSection
EndGlobal
